
Microsoft Visual Studio Solution File, Format Version 12.00
# Visual Studio Version 17
VisualStudioVersion = 17.0.31903.59
MinimumVisualStudioVersion = 10.0.40219.1
Project("{9A19103F-16F7-4668-BE54-9A1E7A4F7556}") = "COMCalculator", "COMCalculator\COMCalculator.csproj", "{2208C51D-55FE-4182-857B-BE2C02ABEB2C}"
EndProject
Project("{2150E333-8FDC-42A3-9474-1A3956D46DE8}") = "Clients", "Clients", "{4F6285B3-BE90-4333-8327-A61A257C4A0E}"
EndProject
Project("{8BC9CEB8-8B4A-11D0-8D11-00A0C91BC942}") = "COMCalculator.NativeClient", "COMCalculator.NativeClient\COMCalculator.NativeClient.vcxproj", "{544E2431-78C5-4C4B-BE70-B6ACBCFC0F4D}"
EndProject
Project("{2150E333-8FDC-42A3-9474-1A3956D46DE8}") = "Tests", "Tests", "{EBD02088-6693-43DB-99BA-D9913B11EE36}"
EndProject
Project("{FAE04EC0-301F-11D3-BF4B-00C04F79EFBC}") = "COMCalculator.UnitTests", "..\tests\COMCalculator.UnitTests\COMCalculator.UnitTests.csproj", "{D5B4C55B-9178-411A-9914-DEB92D86D862}"
EndProject
Global
	GlobalSection(SolutionConfigurationPlatforms) = preSolution
		Debug|Any CPU = Debug|Any CPU
		Debug|x64 = Debug|x64
		Debug|x86 = Debug|x86
		Release|Any CPU = Release|Any CPU
		Release|x64 = Release|x64
		Release|x86 = Release|x86
	EndGlobalSection
	GlobalSection(ProjectConfigurationPlatforms) = postSolution
		{2208C51D-55FE-4182-857B-BE2C02ABEB2C}.Debug|Any CPU.ActiveCfg = Debug|Any CPU
		{2208C51D-55FE-4182-857B-BE2C02ABEB2C}.Debug|Any CPU.Build.0 = Debug|Any CPU
		{2208C51D-55FE-4182-857B-BE2C02ABEB2C}.Debug|x64.ActiveCfg = Debug|Any CPU
		{2208C51D-55FE-4182-857B-BE2C02ABEB2C}.Debug|x64.Build.0 = Debug|Any CPU
		{2208C51D-55FE-4182-857B-BE2C02ABEB2C}.Debug|x86.ActiveCfg = Debug|x86
		{2208C51D-55FE-4182-857B-BE2C02ABEB2C}.Debug|x86.Build.0 = Debug|x86
		{2208C51D-55FE-4182-857B-BE2C02ABEB2C}.Release|Any CPU.ActiveCfg = Release|Any CPU
		{2208C51D-55FE-4182-857B-BE2C02ABEB2C}.Release|Any CPU.Build.0 = Release|Any CPU
		{2208C51D-55FE-4182-857B-BE2C02ABEB2C}.Release|x64.ActiveCfg = Release|Any CPU
		{2208C51D-55FE-4182-857B-BE2C02ABEB2C}.Release|x64.Build.0 = Release|Any CPU
		{2208C51D-55FE-4182-857B-BE2C02ABEB2C}.Release|x86.ActiveCfg = Release|x86
		{2208C51D-55FE-4182-857B-BE2C02ABEB2C}.Release|x86.Build.0 = Release|x86
		{544E2431-78C5-4C4B-BE70-B6ACBCFC0F4D}.Debug|Any CPU.ActiveCfg = Debug|x64
		{544E2431-78C5-4C4B-BE70-B6ACBCFC0F4D}.Debug|Any CPU.Build.0 = Debug|x64
		{544E2431-78C5-4C4B-BE70-B6ACBCFC0F4D}.Debug|x64.ActiveCfg = Debug|x64
		{544E2431-78C5-4C4B-BE70-B6ACBCFC0F4D}.Debug|x64.Build.0 = Debug|x64
		{544E2431-78C5-4C4B-BE70-B6ACBCFC0F4D}.Debug|x86.ActiveCfg = Debug|Win32
		{544E2431-78C5-4C4B-BE70-B6ACBCFC0F4D}.Debug|x86.Build.0 = Debug|Win32
		{544E2431-78C5-4C4B-BE70-B6ACBCFC0F4D}.Release|Any CPU.ActiveCfg = Release|x64
		{544E2431-78C5-4C4B-BE70-B6ACBCFC0F4D}.Release|Any CPU.Build.0 = Release|x64
		{544E2431-78C5-4C4B-BE70-B6ACBCFC0F4D}.Release|x64.ActiveCfg = Release|x64
		{544E2431-78C5-4C4B-BE70-B6ACBCFC0F4D}.Release|x64.Build.0 = Release|x64
		{544E2431-78C5-4C4B-BE70-B6ACBCFC0F4D}.Release|x86.ActiveCfg = Release|Win32
		{544E2431-78C5-4C4B-BE70-B6ACBCFC0F4D}.Release|x86.Build.0 = Release|Win32
		{D5B4C55B-9178-411A-9914-DEB92D86D862}.Debug|Any CPU.ActiveCfg = Debug|Any CPU
		{D5B4C55B-9178-411A-9914-DEB92D86D862}.Debug|Any CPU.Build.0 = Debug|Any CPU
		{D5B4C55B-9178-411A-9914-DEB92D86D862}.Debug|x64.ActiveCfg = Debug|Any CPU
		{D5B4C55B-9178-411A-9914-DEB92D86D862}.Debug|x64.Build.0 = Debug|Any CPU
		{D5B4C55B-9178-411A-9914-DEB92D86D862}.Debug|x86.ActiveCfg = Debug|Any CPU
		{D5B4C55B-9178-411A-9914-DEB92D86D862}.Debug|x86.Build.0 = Debug|Any CPU
		{D5B4C55B-9178-411A-9914-DEB92D86D862}.Release|Any CPU.ActiveCfg = Release|Any CPU
		{D5B4C55B-9178-411A-9914-DEB92D86D862}.Release|Any CPU.Build.0 = Release|Any CPU
		{D5B4C55B-9178-411A-9914-DEB92D86D862}.Release|x64.ActiveCfg = Release|Any CPU
		{D5B4C55B-9178-411A-9914-DEB92D86D862}.Release|x64.Build.0 = Release|Any CPU
		{D5B4C55B-9178-411A-9914-DEB92D86D862}.Release|x86.ActiveCfg = Release|Any CPU
		{D5B4C55B-9178-411A-9914-DEB92D86D862}.Release|x86.Build.0 = Release|Any CPU
	EndGlobalSection
	GlobalSection(SolutionProperties) = preSolution
		HideSolutionNode = FALSE
	EndGlobalSection
	GlobalSection(NestedProjects) = preSolution
		{544E2431-78C5-4C4B-BE70-B6ACBCFC0F4D} = {4F6285B3-BE90-4333-8327-A61A257C4A0E}
		{D5B4C55B-9178-411A-9914-DEB92D86D862} = {EBD02088-6693-43DB-99BA-D9913B11EE36}
	EndGlobalSection
	GlobalSection(ExtensibilityGlobals) = postSolution
		SolutionGuid = {A50D3EEA-7CB5-4DF5-8F3D-420F9BFB5226}
	EndGlobalSection
EndGlobal
